
Microsoft Visual Studio Solution File, Format Version 12.00
# Visual Studio Version 16
VisualStudioVersion = 16.0.30406.217
MinimumVisualStudioVersion = 10.0.40219.1
Project("{FAE04EC0-301F-11D3-BF4B-00C04F79EFBC}") = "Exe1_RevisaoTEP_25", "Exe1_RevisaoTEP_25\Exe1_RevisaoTEP_25.csproj", "{B0D2C0E4-9FBE-4807-BDB0-8BDD7B7F15D1}"
EndProject
Global
	GlobalSection(SolutionConfigurationPlatforms) = preSolution
		Debug|Any CPU = Debug|Any CPU
		Release|Any CPU = Release|Any CPU
	EndGlobalSection
	GlobalSection(ProjectConfigurationPlatforms) = postSolution
		{B0D2C0E4-9FBE-4807-BDB0-8BDD7B7F15D1}.Debug|Any CPU.ActiveCfg = Debug|Any CPU
		{B0D2C0E4-9FBE-4807-BDB0-8BDD7B7F15D1}.Debug|Any CPU.Build.0 = Debug|Any CPU
		{B0D2C0E4-9FBE-4807-BDB0-8BDD7B7F15D1}.Release|Any CPU.ActiveCfg = Release|Any CPU
		{B0D2C0E4-9FBE-4807-BDB0-8BDD7B7F15D1}.Release|Any CPU.Build.0 = Release|Any CPU
	EndGlobalSection
	GlobalSection(SolutionProperties) = preSolution
		HideSolutionNode = FALSE
	EndGlobalSection
	GlobalSection(ExtensibilityGlobals) = postSolution
		SolutionGuid = {79FDC5EB-2B80-425B-919F-35934DFCA64C}
	EndGlobalSection
EndGlobal
